
Microsoft Visual Studio Solution File, Format Version 12.00
# Visual Studio Version 17
VisualStudioVersion = 17.9.34607.119
MinimumVisualStudioVersion = 10.0.40219.1
Project("{FAE04EC0-301F-11D3-BF4B-00C04F79EFBC}") = "Emulator6502", "Emulator6502\Emulator6502.csproj", "{390F4D07-ECFC-47F1-860D-E57F90DB19E6}"
EndProject
Project("{FAE04EC0-301F-11D3-BF4B-00C04F79EFBC}") = "Emulator6502.Tests", "Emulator6502.Tests\Emulator6502.Tests.csproj", "{00C26546-A778-4979-A792-4B7E874B0662}"
EndProject
Global
	GlobalSection(SolutionConfigurationPlatforms) = preSolution
		Debug|Any CPU = Debug|Any CPU
		Release|Any CPU = Release|Any CPU
	EndGlobalSection
	GlobalSection(ProjectConfigurationPlatforms) = postSolution
		{390F4D07-ECFC-47F1-860D-E57F90DB19E6}.Debug|Any CPU.ActiveCfg = Debug|Any CPU
		{390F4D07-ECFC-47F1-860D-E57F90DB19E6}.Debug|Any CPU.Build.0 = Debug|Any CPU
		{390F4D07-ECFC-47F1-860D-E57F90DB19E6}.Release|Any CPU.ActiveCfg = Release|Any CPU
		{390F4D07-ECFC-47F1-860D-E57F90DB19E6}.Release|Any CPU.Build.0 = Release|Any CPU
		{00C26546-A778-4979-A792-4B7E874B0662}.Debug|Any CPU.ActiveCfg = Debug|Any CPU
		{00C26546-A778-4979-A792-4B7E874B0662}.Debug|Any CPU.Build.0 = Debug|Any CPU
		{00C26546-A778-4979-A792-4B7E874B0662}.Release|Any CPU.ActiveCfg = Release|Any CPU
		{00C26546-A778-4979-A792-4B7E874B0662}.Release|Any CPU.Build.0 = Release|Any CPU
	EndGlobalSection
	GlobalSection(SolutionProperties) = preSolution
		HideSolutionNode = FALSE
	EndGlobalSection
	GlobalSection(ExtensibilityGlobals) = postSolution
		SolutionGuid = {12A0EFF4-8337-44DD-98F1-CB737D9C2028}
	EndGlobalSection
EndGlobal
